
Microsoft Visual Studio Solution File, Format Version 12.00
# Visual Studio Version 17
VisualStudioVersion = 17.14.36401.2 d17.14
MinimumVisualStudioVersion = 10.0.40219.1
Project("{FAE04EC0-301F-11D3-BF4B-00C04F79EFBC}") = "Tutorial_2_4", "Tutorial_2_4\Tutorial_2_4.csproj", "{D5E531CF-583B-4B6B-B6D4-2ABD364D952E}"
EndProject
Global
	GlobalSection(SolutionConfigurationPlatforms) = preSolution
		Debug|Any CPU = Debug|Any CPU
		Release|Any CPU = Release|Any CPU
	EndGlobalSection
	GlobalSection(ProjectConfigurationPlatforms) = postSolution
		{D5E531CF-583B-4B6B-B6D4-2ABD364D952E}.Debug|Any CPU.ActiveCfg = Debug|Any CPU
		{D5E531CF-583B-4B6B-B6D4-2ABD364D952E}.Debug|Any CPU.Build.0 = Debug|Any CPU
		{D5E531CF-583B-4B6B-B6D4-2ABD364D952E}.Release|Any CPU.ActiveCfg = Release|Any CPU
		{D5E531CF-583B-4B6B-B6D4-2ABD364D952E}.Release|Any CPU.Build.0 = Release|Any CPU
	EndGlobalSection
	GlobalSection(SolutionProperties) = preSolution
		HideSolutionNode = FALSE
	EndGlobalSection
	GlobalSection(ExtensibilityGlobals) = postSolution
		SolutionGuid = {DADB5E8C-65F5-4644-ADEE-5C8D64DB8D33}
	EndGlobalSection
EndGlobal
