
Microsoft Visual Studio Solution File, Format Version 12.00
# Visual Studio Version 17
VisualStudioVersion = 17.14.36401.2 d17.14
MinimumVisualStudioVersion = 10.0.40219.1
Project("{FAE04EC0-301F-11D3-BF4B-00C04F79EFBC}") = "Tutorial_2_2", "Tutorial_2_2\Tutorial_2_2.csproj", "{600AE5EE-4AE7-497D-9A30-149FF476E362}"
EndProject
Global
	GlobalSection(SolutionConfigurationPlatforms) = preSolution
		Debug|Any CPU = Debug|Any CPU
		Release|Any CPU = Release|Any CPU
	EndGlobalSection
	GlobalSection(ProjectConfigurationPlatforms) = postSolution
		{600AE5EE-4AE7-497D-9A30-149FF476E362}.Debug|Any CPU.ActiveCfg = Debug|Any CPU
		{600AE5EE-4AE7-497D-9A30-149FF476E362}.Debug|Any CPU.Build.0 = Debug|Any CPU
		{600AE5EE-4AE7-497D-9A30-149FF476E362}.Release|Any CPU.ActiveCfg = Release|Any CPU
		{600AE5EE-4AE7-497D-9A30-149FF476E362}.Release|Any CPU.Build.0 = Release|Any CPU
	EndGlobalSection
	GlobalSection(SolutionProperties) = preSolution
		HideSolutionNode = FALSE
	EndGlobalSection
	GlobalSection(ExtensibilityGlobals) = postSolution
		SolutionGuid = {CE973A70-504B-4C00-8CAE-F04D67E0E791}
	EndGlobalSection
EndGlobal
