
Microsoft Visual Studio Solution File, Format Version 12.00
# Visual Studio Version 17
VisualStudioVersion = 17.14.36401.2 d17.14
MinimumVisualStudioVersion = 10.0.40219.1
Project("{FAE04EC0-301F-11D3-BF4B-00C04F79EFBC}") = "Tutorial_3_1", "Tutorial_3_1\Tutorial_3_1.csproj", "{776DB4A7-32F4-4FE4-856F-D1C47AFB3E05}"
EndProject
Global
	GlobalSection(SolutionConfigurationPlatforms) = preSolution
		Debug|Any CPU = Debug|Any CPU
		Release|Any CPU = Release|Any CPU
	EndGlobalSection
	GlobalSection(ProjectConfigurationPlatforms) = postSolution
		{776DB4A7-32F4-4FE4-856F-D1C47AFB3E05}.Debug|Any CPU.ActiveCfg = Debug|Any CPU
		{776DB4A7-32F4-4FE4-856F-D1C47AFB3E05}.Debug|Any CPU.Build.0 = Debug|Any CPU
		{776DB4A7-32F4-4FE4-856F-D1C47AFB3E05}.Release|Any CPU.ActiveCfg = Release|Any CPU
		{776DB4A7-32F4-4FE4-856F-D1C47AFB3E05}.Release|Any CPU.Build.0 = Release|Any CPU
	EndGlobalSection
	GlobalSection(SolutionProperties) = preSolution
		HideSolutionNode = FALSE
	EndGlobalSection
	GlobalSection(ExtensibilityGlobals) = postSolution
		SolutionGuid = {46CCF632-7A24-4562-B588-172F72B8C01D}
	EndGlobalSection
EndGlobal
