
Microsoft Visual Studio Solution File, Format Version 12.00
# Visual Studio Version 17
VisualStudioVersion = 17.14.36401.2 d17.14
MinimumVisualStudioVersion = 10.0.40219.1
Project("{FAE04EC0-301F-11D3-BF4B-00C04F79EFBC}") = "Q2(更)", "Q2(更)\Q2(更).csproj", "{C6C9BD22-C529-43A3-B1B3-0AD854954004}"
EndProject
Global
	GlobalSection(SolutionConfigurationPlatforms) = preSolution
		Debug|Any CPU = Debug|Any CPU
		Release|Any CPU = Release|Any CPU
	EndGlobalSection
	GlobalSection(ProjectConfigurationPlatforms) = postSolution
		{C6C9BD22-C529-43A3-B1B3-0AD854954004}.Debug|Any CPU.ActiveCfg = Debug|Any CPU
		{C6C9BD22-C529-43A3-B1B3-0AD854954004}.Debug|Any CPU.Build.0 = Debug|Any CPU
		{C6C9BD22-C529-43A3-B1B3-0AD854954004}.Release|Any CPU.ActiveCfg = Release|Any CPU
		{C6C9BD22-C529-43A3-B1B3-0AD854954004}.Release|Any CPU.Build.0 = Release|Any CPU
	EndGlobalSection
	GlobalSection(SolutionProperties) = preSolution
		HideSolutionNode = FALSE
	EndGlobalSection
	GlobalSection(ExtensibilityGlobals) = postSolution
		SolutionGuid = {14019A9F-5A91-4AB7-B161-FACF7B89A500}
	EndGlobalSection
EndGlobal
