
Microsoft Visual Studio Solution File, Format Version 12.00
# Visual Studio Version 17
VisualStudioVersion = 17.14.36518.9 d17.14
MinimumVisualStudioVersion = 10.0.40219.1
Project("{FAE04EC0-301F-11D3-BF4B-00C04F79EFBC}") = "p131-2", "p131-2\p131-2.csproj", "{8D8B5CFF-2BCC-4E46-BB28-B8B175AD4677}"
EndProject
Global
	GlobalSection(SolutionConfigurationPlatforms) = preSolution
		Debug|Any CPU = Debug|Any CPU
		Release|Any CPU = Release|Any CPU
	EndGlobalSection
	GlobalSection(ProjectConfigurationPlatforms) = postSolution
		{8D8B5CFF-2BCC-4E46-BB28-B8B175AD4677}.Debug|Any CPU.ActiveCfg = Debug|Any CPU
		{8D8B5CFF-2BCC-4E46-BB28-B8B175AD4677}.Debug|Any CPU.Build.0 = Debug|Any CPU
		{8D8B5CFF-2BCC-4E46-BB28-B8B175AD4677}.Release|Any CPU.ActiveCfg = Release|Any CPU
		{8D8B5CFF-2BCC-4E46-BB28-B8B175AD4677}.Release|Any CPU.Build.0 = Release|Any CPU
	EndGlobalSection
	GlobalSection(SolutionProperties) = preSolution
		HideSolutionNode = FALSE
	EndGlobalSection
	GlobalSection(ExtensibilityGlobals) = postSolution
		SolutionGuid = {8551426E-C0D4-46A2-B494-BC07CA2869E7}
	EndGlobalSection
EndGlobal
