
Microsoft Visual Studio Solution File, Format Version 12.00
# Visual Studio Version 17
VisualStudioVersion = 17.14.36518.9 d17.14
MinimumVisualStudioVersion = 10.0.40219.1
Project("{FAE04EC0-301F-11D3-BF4B-00C04F79EFBC}") = "WindowsFormsApp1", "WindowsFormsApp1\WindowsFormsApp1.csproj", "{78BA0FAF-50C4-4267-AFE6-4AAA4CFB8A71}"
EndProject
Global
	GlobalSection(SolutionConfigurationPlatforms) = preSolution
		Debug|Any CPU = Debug|Any CPU
		Release|Any CPU = Release|Any CPU
	EndGlobalSection
	GlobalSection(ProjectConfigurationPlatforms) = postSolution
		{78BA0FAF-50C4-4267-AFE6-4AAA4CFB8A71}.Debug|Any CPU.ActiveCfg = Debug|Any CPU
		{78BA0FAF-50C4-4267-AFE6-4AAA4CFB8A71}.Debug|Any CPU.Build.0 = Debug|Any CPU
		{78BA0FAF-50C4-4267-AFE6-4AAA4CFB8A71}.Release|Any CPU.ActiveCfg = Release|Any CPU
		{78BA0FAF-50C4-4267-AFE6-4AAA4CFB8A71}.Release|Any CPU.Build.0 = Release|Any CPU
	EndGlobalSection
	GlobalSection(SolutionProperties) = preSolution
		HideSolutionNode = FALSE
	EndGlobalSection
	GlobalSection(ExtensibilityGlobals) = postSolution
		SolutionGuid = {6873F9B2-8D90-46D1-9666-E30D6913D17D}
	EndGlobalSection
EndGlobal
